{
  "object": {
    "pins": [
      {
        "package": "SwiftUIPager",
        "repositoryURL": "https://github.com/fermoya/SwiftUIPager",
        "state": {
          "branch": "feat/vertical-pagintation",
          "revision": "824efeeaac08717ef7d1aefc5037c3e3f32736e6",
          "version": null
        }
      }
    ]
  },
  "version": 1
}
