{
  "object": {
    "pins": [
      {
        "package": "SwiftUIPager",
        "repositoryURL": "https://github.com/fermoya/SwiftUIPager.git",
        "state": {
          "branch": "master",
          "revision": "fb221c6d2305c05b8ba7d1c2911d19082b9ec1c1",
          "version": null
        }
      }
    ]
  },
  "version": 1
}
