{
  "object": {
    "pins": [
      {
        "package": "SwiftUIPager",
        "repositoryURL": "https://github.com/fermoya/SwiftUIPager",
        "state": {
          "branch": "feat/vertical-pagintation",
          "revision": "aacd8d022b4b3ef0dc13dcc170d777f67472a66a",
          "version": null
        }
      }
    ]
  },
  "version": 1
}
