{
  "object": {
    "pins": [
      {
        "package": "SwiftUIPager",
        "repositoryURL": "https://github.com/fermoya/SwiftUIPager",
        "state": {
          "branch": null,
          "revision": "01a087984c2eeac1e4a8dae466617a90e8c23132",
          "version": "1.2.0"
        }
      }
    ]
  },
  "version": 1
}
